
Microsoft Visual Studio Solution File, Format Version 12.00
# Visual Studio Version 17
VisualStudioVersion = 17.13.35825.156 d17.13
MinimumVisualStudioVersion = 10.0.40219.1
Project("{FAE04EC0-301F-11D3-BF4B-00C04F79EFBC}") = "OOAD", "OOAD\OOAD.csproj", "{86386128-5C68-4BA4-BF4A-BE33187F0D2E}"
EndProject
Global
	GlobalSection(SolutionConfigurationPlatforms) = preSolution
		Debug|Any CPU = Debug|Any CPU
		Release|Any CPU = Release|Any CPU
	EndGlobalSection
	GlobalSection(ProjectConfigurationPlatforms) = postSolution
		{86386128-5C68-4BA4-BF4A-BE33187F0D2E}.Debug|Any CPU.ActiveCfg = Debug|Any CPU
		{86386128-5C68-4BA4-BF4A-BE33187F0D2E}.Debug|Any CPU.Build.0 = Debug|Any CPU
		{86386128-5C68-4BA4-BF4A-BE33187F0D2E}.Release|Any CPU.ActiveCfg = Release|Any CPU
		{86386128-5C68-4BA4-BF4A-BE33187F0D2E}.Release|Any CPU.Build.0 = Release|Any CPU
	EndGlobalSection
	GlobalSection(SolutionProperties) = preSolution
		HideSolutionNode = FALSE
	EndGlobalSection
	GlobalSection(ExtensibilityGlobals) = postSolution
		SolutionGuid = {6BF7538D-FF60-4B35-98D8-287408AEC435}
	EndGlobalSection
EndGlobal
